
Microsoft Visual Studio Solution File, Format Version 12.00
# Visual Studio Version 17
VisualStudioVersion = 17.9.34902.65
MinimumVisualStudioVersion = 10.0.40219.1
Project("{FAE04EC0-301F-11D3-BF4B-00C04F79EFBC}") = "Vendify", "Vendify\Vendify.csproj", "{9D05DE08-5E29-4DA4-A73D-70654C5BCA18}"
EndProject
Project("{FAE04EC0-301F-11D3-BF4B-00C04F79EFBC}") = "Test", "Test\Test.csproj", "{7DDCA7AE-164C-4806-B520-55A157661F9E}"
EndProject
Global
	GlobalSection(SolutionConfigurationPlatforms) = preSolution
		Debug|Any CPU = Debug|Any CPU
		Release|Any CPU = Release|Any CPU
	EndGlobalSection
	GlobalSection(ProjectConfigurationPlatforms) = postSolution
		{9D05DE08-5E29-4DA4-A73D-70654C5BCA18}.Debug|Any CPU.ActiveCfg = Debug|Any CPU
		{9D05DE08-5E29-4DA4-A73D-70654C5BCA18}.Debug|Any CPU.Build.0 = Debug|Any CPU
		{9D05DE08-5E29-4DA4-A73D-70654C5BCA18}.Release|Any CPU.ActiveCfg = Release|Any CPU
		{9D05DE08-5E29-4DA4-A73D-70654C5BCA18}.Release|Any CPU.Build.0 = Release|Any CPU
		{7DDCA7AE-164C-4806-B520-55A157661F9E}.Debug|Any CPU.ActiveCfg = Debug|Any CPU
		{7DDCA7AE-164C-4806-B520-55A157661F9E}.Debug|Any CPU.Build.0 = Debug|Any CPU
		{7DDCA7AE-164C-4806-B520-55A157661F9E}.Release|Any CPU.ActiveCfg = Release|Any CPU
		{7DDCA7AE-164C-4806-B520-55A157661F9E}.Release|Any CPU.Build.0 = Release|Any CPU
	EndGlobalSection
	GlobalSection(SolutionProperties) = preSolution
		HideSolutionNode = FALSE
	EndGlobalSection
	GlobalSection(ExtensibilityGlobals) = postSolution
		SolutionGuid = {F3DAB4D0-7896-45BB-BB31-74B22E255A1A}
	EndGlobalSection
EndGlobal
